{
  "version": 4,
  "terraform_version": "1.11.0",
  "serial": 532,
  "lineage": "ec4cfc7e-e899-ab52-080c-ce643dadd00f",
  "outputs": {
    "client_id": {
      "value": "4aj81phsu1p3dfft3qrmu47a37",
      "type": "string"
    },
    "dalscooter_api_id": {
      "value": "42apw203df",
      "type": "string"
    },
    "dalscooter_api_url": {
      "value": "https://42apw203df.execute-api.us-east-1.amazonaws.com/dev",
      "type": "string"
    },
    "login_url": {
      "value": "https://dalscooter-auth-16840.auth.us-east-1.amazoncognito.com/login?client_id=4aj81phsu1p3dfft3qrmu47a37\u0026response_type=code\u0026scope=email+openid+profile\u0026redirect_uri=https://42apw203df.execute-api.us-east-1.amazonaws.com/dev/auth/callback",
      "type": "string"
    },
    "user_pool_id": {
      "value": "us-east-1_5GMbxTSlm",
      "type": "string"
    }
  },
  "resources": [
    {
      "mode": "data",
      "type": "aws_caller_identity",
      "name": "current",
      "provider": "provider[\"registry.terraform.io/hashicorp/aws\"]",
      "instances": [
        {
          "schema_version": 0,
          "attributes": {
            "account_id": "002796212410",
            "arn": "arn:aws:sts::002796212410:assumed-role/voclabs/user3881336=parth_patil",
            "id": "002796212410",
            "user_id": "AROAQBJVK2C5BXINPJIJZ:user3881336=parth_patil"
          },
          "sensitive_attributes": []
        }
      ]
    },
    {
      "mode": "data",
      "type": "aws_iam_role",
      "name": "lab_role",
      "provider": "provider[\"registry.terraform.io/hashicorp/aws\"]",
      "instances": [
        {
          "schema_version": 0,
          "attributes": {
            "arn": "arn:aws:iam::002796212410:role/LabRole",
            "assume_role_policy": "{\"Version\":\"2012-10-17\",\"Statement\":[{\"Effect\":\"Allow\",\"Principal\":{\"AWS\":\"arn:aws:iam::002796212410:role/LabRole\",\"Service\":[\"cloudtrail.amazonaws.com\",\"glue.amazonaws.com\",\"iot.amazonaws.com\",\"elasticloadbalancing.amazonaws.com\",\"ec2.amazonaws.com\",\"codecommit.amazonaws.com\",\"rekognition.amazonaws.com\",\"lambda.amazonaws.com\",\"application-autoscaling.amazonaws.com\",\"eks.amazonaws.com\",\"elasticfilesystem.amazonaws.com\",\"iotevents.amazonaws.com\",\"sqs.amazonaws.com\",\"logs.amazonaws.com\",\"databrew.amazonaws.com\",\"redshift.amazonaws.com\",\"codedeploy.amazonaws.com\",\"dynamodb.amazonaws.com\",\"ecs.amazonaws.com\",\"kms.amazonaws.com\",\"kinesisanalytics.amazonaws.com\",\"kinesis.amazonaws.com\",\"sns.amazonaws.com\",\"iotanalytics.amazonaws.com\",\"ssm.amazonaws.com\",\"secretsmanager.amazonaws.com\",\"sagemaker.amazonaws.com\",\"apigateway.amazonaws.com\",\"deepracer.amazonaws.com\",\"eks-fargate-pods.amazonaws.com\",\"scheduler.amazonaws.com\",\"s3.amazonaws.com\",\"elasticmapreduce.amazonaws.com\",\"cognito-idp.amazonaws.com\",\"states.amazonaws.com\",\"cloudformation.amazonaws.com\",\"ec2.application-autoscaling.amazonaws.com\",\"firehose.amazonaws.com\",\"events.amazonaws.com\",\"rds.amazonaws.com\",\"elasticbeanstalk.amazonaws.com\",\"athena.amazonaws.com\",\"codewhisperer.amazonaws.com\",\"forecast.amazonaws.com\",\"ecs-tasks.amazonaws.com\",\"backup.amazonaws.com\",\"cloud9.amazonaws.com\",\"servicecatalog.amazonaws.com\",\"credentials.iot.amazonaws.com\",\"resource-groups.amazonaws.com\",\"batch.amazonaws.com\",\"pipes.amazonaws.com\",\"autoscaling.amazonaws.com\"]},\"Action\":\"sts:AssumeRole\"}]}",
            "create_date": "2025-05-28T15:49:06Z",
            "description": "",
            "id": "LabRole",
            "max_session_duration": 3600,
            "name": "LabRole",
            "path": "/",
            "permissions_boundary": "",
            "role_last_used": [
              {
                "last_used_date": "2025-07-03T18:54:05Z",
                "region": "us-west-2"
              }
            ],
            "tags": {
              "cloudlab": "c157474a4051862l10444259t1w002796212410"
            },
            "unique_id": "AROAQBJVK2C5GBF4QGGK3"
          },
          "sensitive_attributes": []
        }
      ]
    },
    {
      "mode": "data",
      "type": "aws_region",
      "name": "current",
      "provider": "provider[\"registry.terraform.io/hashicorp/aws\"]",
      "instances": [
        {
          "schema_version": 0,
          "attributes": {
            "description": "US East (N. Virginia)",
            "endpoint": "ec2.us-east-1.amazonaws.com",
            "id": "us-east-1",
            "name": "us-east-1"
          },
          "sensitive_attributes": []
        }
      ]
    },
    {
      "module": "module.api_gateway",
      "mode": "data",
      "type": "aws_region",
      "name": "current",
      "provider": "provider[\"registry.terraform.io/hashicorp/aws\"]",
      "instances": [
        {
          "schema_version": 0,
          "attributes": {
            "description": "US East (N. Virginia)",
            "endpoint": "ec2.us-east-1.amazonaws.com",
            "id": "us-east-1",
            "name": "us-east-1"
          },
          "sensitive_attributes": []
        }
      ]
    },
    {
      "module": "module.api_gateway",
      "mode": "managed",
      "type": "aws_api_gateway_authorizer",
      "name": "cognito",
      "provider": "provider[\"registry.terraform.io/hashicorp/aws\"]",
      "instances": [
        {
          "schema_version": 0,
          "attributes": {
            "arn": "arn:aws:apigateway:us-east-1::/restapis/42apw203df/authorizers/p6jmih",
            "authorizer_credentials": "",
            "authorizer_result_ttl_in_seconds": 300,
            "authorizer_uri": "",
            "id": "p6jmih",
            "identity_source": "method.request.header.Authorization",
            "identity_validation_expression": "",
            "name": "cognito-authorizer",
            "provider_arns": [
              "arn:aws:cognito-idp:us-east-1:002796212410:userpool/us-east-1_5GMbxTSlm"
            ],
            "rest_api_id": "42apw203df",
            "type": "COGNITO_USER_POOLS"
          },
          "sensitive_attributes": [],
          "private": "bnVsbA==",
          "dependencies": [
            "module.api_gateway.aws_api_gateway_rest_api.dalscooter_api",
            "module.cognito.aws_cognito_user_pool.dalscooter"
          ],
          "create_before_destroy": true
        }
      ]
    },
    {
      "module": "module.api_gateway",
      "mode": "managed",
      "type": "aws_api_gateway_deployment",
      "name": "deployment",
      "provider": "provider[\"registry.terraform.io/hashicorp/aws\"]",
      "instances": [
        {
          "schema_version": 0,
          "attributes": {
            "canary_settings": [],
            "created_date": "2025-07-04T19:35:02Z",
            "description": "",
            "execution_arn": "arn:aws:execute-api:us-east-1:002796212410:42apw203df/dev",
            "id": "91lqre",
            "invoke_url": "https://42apw203df.execute-api.us-east-1.amazonaws.com/dev",
            "rest_api_id": "42apw203df",
            "stage_description": null,
            "stage_name": "dev",
            "triggers": {
              "redeployment": "05f68906ec06e5ffc372276952b2130c908fd1ea"
            },
            "variables": null
          },
          "sensitive_attributes": [],
          "private": "bnVsbA==",
          "dependencies": [
            "data.aws_iam_role.lab_role",
            "module.api_gateway.aws_api_gateway_authorizer.cognito",
            "module.api_gateway.aws_api_gateway_integration.auth_integration",
            "module.api_gateway.aws_api_gateway_integration.auth_options_integration",
            "module.api_gateway.aws_api_gateway_integration.guest_integration",
            "module.api_gateway.aws_api_gateway_integration.options_integration",
            "module.api_gateway.aws_api_gateway_integration.user_integration",
            "module.api_gateway.aws_api_gateway_method.auth_any",
            "module.api_gateway.aws_api_gateway_method.auth_options",
            "module.api_gateway.aws_api_gateway_method.guest_any",
            "module.api_gateway.aws_api_gateway_method.options_method",
            "module.api_gateway.aws_api_gateway_method.user_any",
            "module.api_gateway.aws_api_gateway_resource.auth",
            "module.api_gateway.aws_api_gateway_resource.auth_proxy",
            "module.api_gateway.aws_api_gateway_resource.guest",
            "module.api_gateway.aws_api_gateway_resource.guest_proxy",
            "module.api_gateway.aws_api_gateway_resource.user",
            "module.api_gateway.aws_api_gateway_resource.user_proxy",
            "module.api_gateway.aws_api_gateway_rest_api.dalscooter_api",
            "module.cognito.aws_cognito_user_pool.dalscooter",
            "module.lambda.aws_lambda_function.auth_api",
            "module.lambda.aws_lambda_function.guest_api",
            "module.lambda.aws_lambda_function.user_api",
            "module.lambda.data.archive_file.guest_lambda_zip",
            "module.lambda.data.archive_file.user_lambda_zip"
          ],
          "create_before_destroy": true
        }
      ]
    },
    {
      "module": "module.api_gateway",
      "mode": "managed",
      "type": "aws_api_gateway_integration",
      "name": "auth_integration",
      "provider": "provider[\"registry.terraform.io/hashicorp/aws\"]",
      "instances": [
        {
          "schema_version": 0,
          "attributes": {
            "cache_key_parameters": [],
            "cache_namespace": "i94p0q",
            "connection_id": "",
            "connection_type": "INTERNET",
            "content_handling": "",
            "credentials": "",
            "http_method": "ANY",
            "id": "agi-42apw203df-i94p0q-ANY",
            "integration_http_method": "POST",
            "passthrough_behavior": "WHEN_NO_MATCH",
            "request_parameters": {
              "integration.request.querystring.code": "method.request.querystring.code",
              "integration.request.querystring.state": "method.request.querystring.state"
            },
            "request_templates": {},
            "resource_id": "i94p0q",
            "rest_api_id": "42apw203df",
            "timeout_milliseconds": 29000,
            "tls_config": [],
            "type": "AWS_PROXY",
            "uri": "arn:aws:apigateway:us-east-1:lambda:path/2015-03-31/functions/arn:aws:lambda:us-east-1:002796212410:function:dalscooter-dev-auth-api/invocations"
          },
          "sensitive_attributes": [],
          "private": "bnVsbA==",
          "dependencies": [
            "data.aws_iam_role.lab_role",
            "module.api_gateway.aws_api_gateway_method.auth_any",
            "module.api_gateway.aws_api_gateway_resource.auth",
            "module.api_gateway.aws_api_gateway_resource.auth_proxy",
            "module.api_gateway.aws_api_gateway_rest_api.dalscooter_api",
            "module.lambda.aws_lambda_function.auth_api"
          ],
          "create_before_destroy": true
        }
      ]
    },
    {
      "module": "module.api_gateway",
      "mode": "managed",
      "type": "aws_api_gateway_integration",
      "name": "auth_options_integration",
      "provider": "provider[\"registry.terraform.io/hashicorp/aws\"]",
      "instances": [
        {
          "schema_version": 0,
          "attributes": {
            "cache_key_parameters": [],
            "cache_namespace": "i94p0q",
            "connection_id": "",
            "connection_type": "INTERNET",
            "content_handling": "",
            "credentials": "",
            "http_method": "OPTIONS",
            "id": "agi-42apw203df-i94p0q-OPTIONS",
            "integration_http_method": "",
            "passthrough_behavior": "WHEN_NO_MATCH",
            "request_parameters": {},
            "request_templates": {
              "application/json": "{\"statusCode\":200}"
            },
            "resource_id": "i94p0q",
            "rest_api_id": "42apw203df",
            "timeout_milliseconds": 29000,
            "tls_config": [],
            "type": "MOCK",
            "uri": ""
          },
          "sensitive_attributes": [],
          "private": "bnVsbA==",
          "dependencies": [
            "module.api_gateway.aws_api_gateway_method.auth_options",
            "module.api_gateway.aws_api_gateway_resource.auth",
            "module.api_gateway.aws_api_gateway_resource.auth_proxy",
            "module.api_gateway.aws_api_gateway_rest_api.dalscooter_api"
          ],
          "create_before_destroy": true
        }
      ]
    },
    {
      "module": "module.api_gateway",
      "mode": "managed",
      "type": "aws_api_gateway_integration",
      "name": "guest_integration",
      "provider": "provider[\"registry.terraform.io/hashicorp/aws\"]",
      "instances": [
        {
          "schema_version": 0,
          "attributes": {
            "cache_key_parameters": [],
            "cache_namespace": "td446o",
            "connection_id": "",
            "connection_type": "INTERNET",
            "content_handling": "",
            "credentials": "",
            "http_method": "ANY",
            "id": "agi-42apw203df-td446o-ANY",
            "integration_http_method": "POST",
            "passthrough_behavior": "WHEN_NO_MATCH",
            "request_parameters": {},
            "request_templates": {},
            "resource_id": "td446o",
            "rest_api_id": "42apw203df",
            "timeout_milliseconds": 29000,
            "tls_config": [],
            "type": "AWS_PROXY",
            "uri": "arn:aws:apigateway:us-east-1:lambda:path/2015-03-31/functions/arn:aws:lambda:us-east-1:002796212410:function:dalscooter-dev-guest-api/invocations"
          },
          "sensitive_attributes": [],
          "private": "bnVsbA==",
          "dependencies": [
            "data.aws_iam_role.lab_role",
            "module.api_gateway.aws_api_gateway_method.guest_any",
            "module.api_gateway.aws_api_gateway_resource.guest",
            "module.api_gateway.aws_api_gateway_resource.guest_proxy",
            "module.api_gateway.aws_api_gateway_rest_api.dalscooter_api",
            "module.lambda.aws_lambda_function.guest_api",
            "module.lambda.data.archive_file.guest_lambda_zip"
          ],
          "create_before_destroy": true
        }
      ]
    },
    {
      "module": "module.api_gateway",
      "mode": "managed",
      "type": "aws_api_gateway_integration",
      "name": "options_integration",
      "provider": "provider[\"registry.terraform.io/hashicorp/aws\"]",
      "instances": [
        {
          "schema_version": 0,
          "attributes": {
            "cache_key_parameters": [],
            "cache_namespace": "v0sxx4ncsf",
            "connection_id": "",
            "connection_type": "INTERNET",
            "content_handling": "",
            "credentials": "",
            "http_method": "OPTIONS",
            "id": "agi-42apw203df-v0sxx4ncsf-OPTIONS",
            "integration_http_method": "",
            "passthrough_behavior": "WHEN_NO_MATCH",
            "request_parameters": {},
            "request_templates": {
              "application/json": "{\"statusCode\":200}"
            },
            "resource_id": "v0sxx4ncsf",
            "rest_api_id": "42apw203df",
            "timeout_milliseconds": 29000,
            "tls_config": [],
            "type": "MOCK",
            "uri": ""
          },
          "sensitive_attributes": [],
          "private": "bnVsbA==",
          "dependencies": [
            "module.api_gateway.aws_api_gateway_method.options_method",
            "module.api_gateway.aws_api_gateway_rest_api.dalscooter_api"
          ],
          "create_before_destroy": true
        }
      ]
    },
    {
      "module": "module.api_gateway",
      "mode": "managed",
      "type": "aws_api_gateway_integration",
      "name": "user_integration",
      "provider": "provider[\"registry.terraform.io/hashicorp/aws\"]",
      "instances": [
        {
          "schema_version": 0,
          "attributes": {
            "cache_key_parameters": [],
            "cache_namespace": "78dwqr",
            "connection_id": "",
            "connection_type": "INTERNET",
            "content_handling": "",
            "credentials": "",
            "http_method": "ANY",
            "id": "agi-42apw203df-78dwqr-ANY",
            "integration_http_method": "POST",
            "passthrough_behavior": "WHEN_NO_MATCH",
            "request_parameters": {},
            "request_templates": {},
            "resource_id": "78dwqr",
            "rest_api_id": "42apw203df",
            "timeout_milliseconds": 29000,
            "tls_config": [],
            "type": "AWS_PROXY",
            "uri": "arn:aws:apigateway:us-east-1:lambda:path/2015-03-31/functions/arn:aws:lambda:us-east-1:002796212410:function:dalscooter-dev-user-api/invocations"
          },
          "sensitive_attributes": [],
          "private": "bnVsbA==",
          "dependencies": [
            "data.aws_iam_role.lab_role",
            "module.api_gateway.aws_api_gateway_authorizer.cognito",
            "module.api_gateway.aws_api_gateway_method.user_any",
            "module.api_gateway.aws_api_gateway_resource.user",
            "module.api_gateway.aws_api_gateway_resource.user_proxy",
            "module.api_gateway.aws_api_gateway_rest_api.dalscooter_api",
            "module.cognito.aws_cognito_user_pool.dalscooter",
            "module.lambda.aws_lambda_function.user_api",
            "module.lambda.data.archive_file.user_lambda_zip"
          ],
          "create_before_destroy": true
        }
      ]
    },
    {
      "module": "module.api_gateway",
      "mode": "managed",
      "type": "aws_api_gateway_integration_response",
      "name": "auth_options_response",
      "provider": "provider[\"registry.terraform.io/hashicorp/aws\"]",
      "instances": [
        {
          "schema_version": 0,
          "attributes": {
            "content_handling": "",
            "http_method": "OPTIONS",
            "id": "agir-42apw203df-i94p0q-OPTIONS-200",
            "resource_id": "i94p0q",
            "response_parameters": {
              "method.response.header.Access-Control-Allow-Headers": "'Content-Type,X-Amz-Date,Authorization,X-Api-Key,X-Amz-Security-Token'",
              "method.response.header.Access-Control-Allow-Methods": "'GET,POST,OPTIONS,PUT,DELETE'",
              "method.response.header.Access-Control-Allow-Origin": "'*'"
            },
            "response_templates": {},
            "rest_api_id": "42apw203df",
            "selection_pattern": "",
            "status_code": "200"
          },
          "sensitive_attributes": [],
          "private": "bnVsbA==",
          "dependencies": [
            "module.api_gateway.aws_api_gateway_method.auth_options",
            "module.api_gateway.aws_api_gateway_method_response.auth_options_200",
            "module.api_gateway.aws_api_gateway_resource.auth",
            "module.api_gateway.aws_api_gateway_resource.auth_proxy",
            "module.api_gateway.aws_api_gateway_rest_api.dalscooter_api"
          ]
        }
      ]
    },
    {
      "module": "module.api_gateway",
      "mode": "managed",
      "type": "aws_api_gateway_integration_response",
      "name": "options_integration_response",
      "provider": "provider[\"registry.terraform.io/hashicorp/aws\"]",
      "instances": [
        {
          "schema_version": 0,
          "attributes": {
            "content_handling": "",
            "http_method": "OPTIONS",
            "id": "agir-42apw203df-v0sxx4ncsf-OPTIONS-200",
            "resource_id": "v0sxx4ncsf",
            "response_parameters": {
              "method.response.header.Access-Control-Allow-Headers": "'Content-Type,X-Amz-Date,Authorization,X-Api-Key,X-Amz-Security-Token'",
              "method.response.header.Access-Control-Allow-Methods": "'GET,OPTIONS,POST,PUT,DELETE'",
              "method.response.header.Access-Control-Allow-Origin": "'*'"
            },
            "response_templates": {},
            "rest_api_id": "42apw203df",
            "selection_pattern": "",
            "status_code": "200"
          },
          "sensitive_attributes": [],
          "private": "bnVsbA==",
          "dependencies": [
            "module.api_gateway.aws_api_gateway_method.options_method",
            "module.api_gateway.aws_api_gateway_method_response.options_200",
            "module.api_gateway.aws_api_gateway_rest_api.dalscooter_api"
          ]
        }
      ]
    },
    {
      "module": "module.api_gateway",
      "mode": "managed",
      "type": "aws_api_gateway_method",
      "name": "auth_any",
      "provider": "provider[\"registry.terraform.io/hashicorp/aws\"]",
      "instances": [
        {
          "schema_version": 0,
          "attributes": {
            "api_key_required": false,
            "authorization": "NONE",
            "authorization_scopes": [],
            "authorizer_id": "",
            "http_method": "ANY",
            "id": "agm-42apw203df-i94p0q-ANY",
            "operation_name": "",
            "request_models": {},
            "request_parameters": {
              "method.request.querystring.code": false,
              "method.request.querystring.state": false
            },
            "request_validator_id": "",
            "resource_id": "i94p0q",
            "rest_api_id": "42apw203df"
          },
          "sensitive_attributes": [],
          "private": "bnVsbA==",
          "dependencies": [
            "module.api_gateway.aws_api_gateway_resource.auth",
            "module.api_gateway.aws_api_gateway_resource.auth_proxy",
            "module.api_gateway.aws_api_gateway_rest_api.dalscooter_api"
          ],
          "create_before_destroy": true
        }
      ]
    },
    {
      "module": "module.api_gateway",
      "mode": "managed",
      "type": "aws_api_gateway_method",
      "name": "auth_options",
      "provider": "provider[\"registry.terraform.io/hashicorp/aws\"]",
      "instances": [
        {
          "schema_version": 0,
          "attributes": {
            "api_key_required": false,
            "authorization": "NONE",
            "authorization_scopes": [],
            "authorizer_id": "",
            "http_method": "OPTIONS",
            "id": "agm-42apw203df-i94p0q-OPTIONS",
            "operation_name": "",
            "request_models": {},
            "request_parameters": {},
            "request_validator_id": "",
            "resource_id": "i94p0q",
            "rest_api_id": "42apw203df"
          },
          "sensitive_attributes": [],
          "private": "bnVsbA==",
          "dependencies": [
            "module.api_gateway.aws_api_gateway_resource.auth",
            "module.api_gateway.aws_api_gateway_resource.auth_proxy",
            "module.api_gateway.aws_api_gateway_rest_api.dalscooter_api"
          ],
          "create_before_destroy": true
        }
      ]
    },
    {
      "module": "module.api_gateway",
      "mode": "managed",
      "type": "aws_api_gateway_method",
      "name": "guest_any",
      "provider": "provider[\"registry.terraform.io/hashicorp/aws\"]",
      "instances": [
        {
          "schema_version": 0,
          "attributes": {
            "api_key_required": false,
            "authorization": "NONE",
            "authorization_scopes": [],
            "authorizer_id": "",
            "http_method": "ANY",
            "id": "agm-42apw203df-td446o-ANY",
            "operation_name": "",
            "request_models": {},
            "request_parameters": {},
            "request_validator_id": "",
            "resource_id": "td446o",
            "rest_api_id": "42apw203df"
          },
          "sensitive_attributes": [],
          "private": "bnVsbA==",
          "dependencies": [
            "module.api_gateway.aws_api_gateway_resource.guest",
            "module.api_gateway.aws_api_gateway_resource.guest_proxy",
            "module.api_gateway.aws_api_gateway_rest_api.dalscooter_api"
          ],
          "create_before_destroy": true
        }
      ]
    },
    {
      "module": "module.api_gateway",
      "mode": "managed",
      "type": "aws_api_gateway_method",
      "name": "options_method",
      "provider": "provider[\"registry.terraform.io/hashicorp/aws\"]",
      "instances": [
        {
          "schema_version": 0,
          "attributes": {
            "api_key_required": false,
            "authorization": "NONE",
            "authorization_scopes": [],
            "authorizer_id": "",
            "http_method": "OPTIONS",
            "id": "agm-42apw203df-v0sxx4ncsf-OPTIONS",
            "operation_name": "",
            "request_models": {},
            "request_parameters": {},
            "request_validator_id": "",
            "resource_id": "v0sxx4ncsf",
            "rest_api_id": "42apw203df"
          },
          "sensitive_attributes": [],
          "private": "bnVsbA==",
          "dependencies": [
            "module.api_gateway.aws_api_gateway_rest_api.dalscooter_api"
          ],
          "create_before_destroy": true
        }
      ]
    },
    {
      "module": "module.api_gateway",
      "mode": "managed",
      "type": "aws_api_gateway_method",
      "name": "user_any",
      "provider": "provider[\"registry.terraform.io/hashicorp/aws\"]",
      "instances": [
        {
          "schema_version": 0,
          "attributes": {
            "api_key_required": false,
            "authorization": "COGNITO_USER_POOLS",
            "authorization_scopes": [],
            "authorizer_id": "p6jmih",
            "http_method": "ANY",
            "id": "agm-42apw203df-78dwqr-ANY",
            "operation_name": "",
            "request_models": {},
            "request_parameters": {},
            "request_validator_id": "",
            "resource_id": "78dwqr",
            "rest_api_id": "42apw203df"
          },
          "sensitive_attributes": [],
          "private": "bnVsbA==",
          "dependencies": [
            "module.api_gateway.aws_api_gateway_authorizer.cognito",
            "module.api_gateway.aws_api_gateway_resource.user",
            "module.api_gateway.aws_api_gateway_resource.user_proxy",
            "module.api_gateway.aws_api_gateway_rest_api.dalscooter_api",
            "module.cognito.aws_cognito_user_pool.dalscooter"
          ],
          "create_before_destroy": true
        }
      ]
    },
    {
      "module": "module.api_gateway",
      "mode": "managed",
      "type": "aws_api_gateway_method_response",
      "name": "auth_options_200",
      "provider": "provider[\"registry.terraform.io/hashicorp/aws\"]",
      "instances": [
        {
          "schema_version": 0,
          "attributes": {
            "http_method": "OPTIONS",
            "id": "agmr-42apw203df-i94p0q-OPTIONS-200",
            "resource_id": "i94p0q",
            "response_models": {},
            "response_parameters": {
              "method.response.header.Access-Control-Allow-Headers": true,
              "method.response.header.Access-Control-Allow-Methods": true,
              "method.response.header.Access-Control-Allow-Origin": true
            },
            "rest_api_id": "42apw203df",
            "status_code": "200"
          },
          "sensitive_attributes": [],
          "private": "bnVsbA==",
          "dependencies": [
            "module.api_gateway.aws_api_gateway_method.auth_options",
            "module.api_gateway.aws_api_gateway_resource.auth",
            "module.api_gateway.aws_api_gateway_resource.auth_proxy",
            "module.api_gateway.aws_api_gateway_rest_api.dalscooter_api"
          ]
        }
      ]
    },
    {
      "module": "module.api_gateway",
      "mode": "managed",
      "type": "aws_api_gateway_method_response",
      "name": "options_200",
      "provider": "provider[\"registry.terraform.io/hashicorp/aws\"]",
      "instances": [
        {
          "schema_version": 0,
          "attributes": {
            "http_method": "OPTIONS",
            "id": "agmr-42apw203df-v0sxx4ncsf-OPTIONS-200",
            "resource_id": "v0sxx4ncsf",
            "response_models": {},
            "response_parameters": {
              "method.response.header.Access-Control-Allow-Headers": true,
              "method.response.header.Access-Control-Allow-Methods": true,
              "method.response.header.Access-Control-Allow-Origin": true
            },
            "rest_api_id": "42apw203df",
            "status_code": "200"
          },
          "sensitive_attributes": [],
          "private": "bnVsbA==",
          "dependencies": [
            "module.api_gateway.aws_api_gateway_method.options_method",
            "module.api_gateway.aws_api_gateway_rest_api.dalscooter_api"
          ]
        }
      ]
    },
    {
      "module": "module.api_gateway",
      "mode": "managed",
      "type": "aws_api_gateway_resource",
      "name": "auth",
      "provider": "provider[\"registry.terraform.io/hashicorp/aws\"]",
      "instances": [
        {
          "schema_version": 0,
          "attributes": {
            "id": "y299ve",
            "parent_id": "v0sxx4ncsf",
            "path": "/auth",
            "path_part": "auth",
            "rest_api_id": "42apw203df"
          },
          "sensitive_attributes": [],
          "private": "bnVsbA==",
          "dependencies": [
            "module.api_gateway.aws_api_gateway_rest_api.dalscooter_api"
          ],
          "create_before_destroy": true
        }
      ]
    },
    {
      "module": "module.api_gateway",
      "mode": "managed",
      "type": "aws_api_gateway_resource",
      "name": "auth_proxy",
      "provider": "provider[\"registry.terraform.io/hashicorp/aws\"]",
      "instances": [
        {
          "schema_version": 0,
          "attributes": {
            "id": "i94p0q",
            "parent_id": "y299ve",
            "path": "/auth/{proxy+}",
            "path_part": "{proxy+}",
            "rest_api_id": "42apw203df"
          },
          "sensitive_attributes": [],
          "private": "bnVsbA==",
          "dependencies": [
            "module.api_gateway.aws_api_gateway_resource.auth",
            "module.api_gateway.aws_api_gateway_rest_api.dalscooter_api"
          ],
          "create_before_destroy": true
        }
      ]
    },
    {
      "module": "module.api_gateway",
      "mode": "managed",
      "type": "aws_api_gateway_resource",
      "name": "guest",
      "provider": "provider[\"registry.terraform.io/hashicorp/aws\"]",
      "instances": [
        {
          "schema_version": 0,
          "attributes": {
            "id": "yqlg3r",
            "parent_id": "v0sxx4ncsf",
            "path": "/guest",
            "path_part": "guest",
            "rest_api_id": "42apw203df"
          },
          "sensitive_attributes": [],
          "private": "bnVsbA==",
          "dependencies": [
            "module.api_gateway.aws_api_gateway_rest_api.dalscooter_api"
          ],
          "create_before_destroy": true
        }
      ]
    },
    {
      "module": "module.api_gateway",
      "mode": "managed",
      "type": "aws_api_gateway_resource",
      "name": "guest_proxy",
      "provider": "provider[\"registry.terraform.io/hashicorp/aws\"]",
      "instances": [
        {
          "schema_version": 0,
          "attributes": {
            "id": "td446o",
            "parent_id": "yqlg3r",
            "path": "/guest/{proxy+}",
            "path_part": "{proxy+}",
            "rest_api_id": "42apw203df"
          },
          "sensitive_attributes": [],
          "private": "bnVsbA==",
          "dependencies": [
            "module.api_gateway.aws_api_gateway_resource.guest",
            "module.api_gateway.aws_api_gateway_rest_api.dalscooter_api"
          ],
          "create_before_destroy": true
        }
      ]
    },
    {
      "module": "module.api_gateway",
      "mode": "managed",
      "type": "aws_api_gateway_resource",
      "name": "user",
      "provider": "provider[\"registry.terraform.io/hashicorp/aws\"]",
      "instances": [
        {
          "schema_version": 0,
          "attributes": {
            "id": "uesu90",
            "parent_id": "v0sxx4ncsf",
            "path": "/user",
            "path_part": "user",
            "rest_api_id": "42apw203df"
          },
          "sensitive_attributes": [],
          "private": "bnVsbA==",
          "dependencies": [
            "module.api_gateway.aws_api_gateway_rest_api.dalscooter_api"
          ],
          "create_before_destroy": true
        }
      ]
    },
    {
      "module": "module.api_gateway",
      "mode": "managed",
      "type": "aws_api_gateway_resource",
      "name": "user_proxy",
      "provider": "provider[\"registry.terraform.io/hashicorp/aws\"]",
      "instances": [
        {
          "schema_version": 0,
          "attributes": {
            "id": "78dwqr",
            "parent_id": "uesu90",
            "path": "/user/{proxy+}",
            "path_part": "{proxy+}",
            "rest_api_id": "42apw203df"
          },
          "sensitive_attributes": [],
          "private": "bnVsbA==",
          "dependencies": [
            "module.api_gateway.aws_api_gateway_resource.user",
            "module.api_gateway.aws_api_gateway_rest_api.dalscooter_api"
          ],
          "create_before_destroy": true
        }
      ]
    },
    {
      "module": "module.api_gateway",
      "mode": "managed",
      "type": "aws_api_gateway_rest_api",
      "name": "dalscooter_api",
      "provider": "provider[\"registry.terraform.io/hashicorp/aws\"]",
      "instances": [
        {
          "schema_version": 0,
          "attributes": {
            "api_key_source": "HEADER",
            "arn": "arn:aws:apigateway:us-east-1::/restapis/42apw203df",
            "binary_media_types": [],
            "body": null,
            "created_date": "2025-07-04T19:34:39Z",
            "description": "Dalscooter API Gateway with Cognito auth",
            "disable_execute_api_endpoint": false,
            "endpoint_configuration": [
              {
                "ip_address_type": "ipv4",
                "types": [
                  "REGIONAL"
                ],
                "vpc_endpoint_ids": []
              }
            ],
            "execution_arn": "arn:aws:execute-api:us-east-1:002796212410:42apw203df",
            "fail_on_warnings": null,
            "id": "42apw203df",
            "minimum_compression_size": "",
            "name": "dalscooter-dev-api",
            "parameters": null,
            "policy": "",
            "put_rest_api_mode": null,
            "root_resource_id": "v0sxx4ncsf",
            "tags": {
              "Component": "api-gateway",
              "Environment": "dev",
              "Project": "dalscooter"
            },
            "tags_all": {
              "Component": "api-gateway",
              "Environment": "dev",
              "Project": "dalscooter"
            }
          },
          "sensitive_attributes": [],
          "private": "bnVsbA==",
          "create_before_destroy": true
        }
      ]
    },
    {
      "module": "module.api_gateway",
      "mode": "managed",
      "type": "aws_lambda_permission",
      "name": "api_gw_auth",
      "provider": "provider[\"registry.terraform.io/hashicorp/aws\"]",
      "instances": [
        {
          "schema_version": 0,
          "attributes": {
            "action": "lambda:InvokeFunction",
            "event_source_token": null,
            "function_name": "dalscooter-dev-auth-api",
            "function_url_auth_type": null,
            "id": "AllowExecutionFromAPIGatewayAuth",
            "principal": "apigateway.amazonaws.com",
            "principal_org_id": null,
            "qualifier": "",
            "source_account": null,
            "source_arn": "arn:aws:execute-api:us-east-1:002796212410:42apw203df/*/*",
            "statement_id": "AllowExecutionFromAPIGatewayAuth",
            "statement_id_prefix": ""
          },
          "sensitive_attributes": [],
          "private": "bnVsbA==",
          "dependencies": [
            "data.aws_iam_role.lab_role",
            "module.api_gateway.aws_api_gateway_rest_api.dalscooter_api",
            "module.lambda.aws_lambda_function.auth_api"
          ]
        }
      ]
    },
    {
      "module": "module.api_gateway",
      "mode": "managed",
      "type": "aws_lambda_permission",
      "name": "api_gw_guest",
      "provider": "provider[\"registry.terraform.io/hashicorp/aws\"]",
      "instances": [
        {
          "schema_version": 0,
          "attributes": {
            "action": "lambda:InvokeFunction",
            "event_source_token": null,
            "function_name": "dalscooter-dev-guest-api",
            "function_url_auth_type": null,
            "id": "AllowExecutionFromAPIGatewayGuest",
            "principal": "apigateway.amazonaws.com",
            "principal_org_id": null,
            "qualifier": "",
            "source_account": null,
            "source_arn": "arn:aws:execute-api:us-east-1:002796212410:42apw203df/*/*",
            "statement_id": "AllowExecutionFromAPIGatewayGuest",
            "statement_id_prefix": ""
          },
          "sensitive_attributes": [],
          "private": "bnVsbA==",
          "dependencies": [
            "data.aws_iam_role.lab_role",
            "module.api_gateway.aws_api_gateway_rest_api.dalscooter_api",
            "module.lambda.aws_lambda_function.guest_api",
            "module.lambda.data.archive_file.guest_lambda_zip"
          ]
        }
      ]
    },
    {
      "module": "module.api_gateway",
      "mode": "managed",
      "type": "aws_lambda_permission",
      "name": "api_gw_user",
      "provider": "provider[\"registry.terraform.io/hashicorp/aws\"]",
      "instances": [
        {
          "schema_version": 0,
          "attributes": {
            "action": "lambda:InvokeFunction",
            "event_source_token": null,
            "function_name": "dalscooter-dev-user-api",
            "function_url_auth_type": null,
            "id": "AllowExecutionFromAPIGatewayUser",
            "principal": "apigateway.amazonaws.com",
            "principal_org_id": null,
            "qualifier": "",
            "source_account": null,
            "source_arn": "arn:aws:execute-api:us-east-1:002796212410:42apw203df/*/*",
            "statement_id": "AllowExecutionFromAPIGatewayUser",
            "statement_id_prefix": ""
          },
          "sensitive_attributes": [],
          "private": "bnVsbA==",
          "dependencies": [
            "data.aws_iam_role.lab_role",
            "module.api_gateway.aws_api_gateway_rest_api.dalscooter_api",
            "module.lambda.aws_lambda_function.user_api",
            "module.lambda.data.archive_file.user_lambda_zip"
          ]
        }
      ]
    },
    {
      "module": "module.auth_database",
      "mode": "managed",
      "type": "aws_dynamodb_table",
      "name": "auth_sessions",
      "provider": "provider[\"registry.terraform.io/hashicorp/aws\"]",
      "instances": [
        {
          "schema_version": 1,
          "attributes": {
            "arn": "arn:aws:dynamodb:us-east-1:002796212410:table/AuthSessions",
            "attribute": [
              {
                "name": "tempToken",
                "type": "S"
              }
            ],
            "billing_mode": "PAY_PER_REQUEST",
            "deletion_protection_enabled": false,
            "global_secondary_index": [],
            "hash_key": "tempToken",
            "id": "AuthSessions",
            "import_table": [],
            "local_secondary_index": [],
            "name": "AuthSessions",
            "on_demand_throughput": [],
            "point_in_time_recovery": [
              {
                "enabled": false,
                "recovery_period_in_days": 0
              }
            ],
            "range_key": null,
            "read_capacity": 0,
            "replica": [],
            "restore_date_time": null,
            "restore_source_name": null,
            "restore_source_table_arn": null,
            "restore_to_latest_time": null,
            "server_side_encryption": [],
            "stream_arn": "",
            "stream_enabled": false,
            "stream_label": "",
            "stream_view_type": "",
            "table_class": "STANDARD",
            "tags": {
              "Environment": "dev",
              "Project": "dalscooter"
            },
            "tags_all": {
              "Environment": "dev",
              "Project": "dalscooter"
            },
            "timeouts": null,
            "ttl": [
              {
                "attribute_name": "expiresAt",
                "enabled": true
              }
            ],
            "write_capacity": 0
          },
          "sensitive_attributes": [],
          "private": "eyJlMmJmYjczMC1lY2FhLTExZTYtOGY4OC0zNDM2M2JjN2M0YzAiOnsiY3JlYXRlIjoxODAwMDAwMDAwMDAwLCJkZWxldGUiOjYwMDAwMDAwMDAwMCwidXBkYXRlIjozNjAwMDAwMDAwMDAwfSwic2NoZW1hX3ZlcnNpb24iOiIxIn0="
        }
      ]
    },
    {
      "module": "module.auth_database",
      "mode": "managed",
      "type": "aws_dynamodb_table",
      "name": "user_cipher_keys",
      "provider": "provider[\"registry.terraform.io/hashicorp/aws\"]",
      "instances": [
        {
          "schema_version": 1,
          "attributes": {
            "arn": "arn:aws:dynamodb:us-east-1:002796212410:table/UserCipherKeys",
            "attribute": [
              {
                "name": "userId",
                "type": "S"
              }
            ],
            "billing_mode": "PAY_PER_REQUEST",
            "deletion_protection_enabled": false,
            "global_secondary_index": [],
            "hash_key": "userId",
            "id": "UserCipherKeys",
            "import_table": [],
            "local_secondary_index": [],
            "name": "UserCipherKeys",
            "on_demand_throughput": [],
            "point_in_time_recovery": [
              {
                "enabled": false,
                "recovery_period_in_days": 0
              }
            ],
            "range_key": null,
            "read_capacity": 0,
            "replica": [],
            "restore_date_time": null,
            "restore_source_name": null,
            "restore_source_table_arn": null,
            "restore_to_latest_time": null,
            "server_side_encryption": [],
            "stream_arn": "",
            "stream_enabled": false,
            "stream_label": "",
            "stream_view_type": "",
            "table_class": "STANDARD",
            "tags": {
              "Environment": "dev",
              "Project": "dalscooter"
            },
            "tags_all": {
              "Environment": "dev",
              "Project": "dalscooter"
            },
            "timeouts": null,
            "ttl": [
              {
                "attribute_name": "",
                "enabled": false
              }
            ],
            "write_capacity": 0
          },
          "sensitive_attributes": [],
          "private": "eyJlMmJmYjczMC1lY2FhLTExZTYtOGY4OC0zNDM2M2JjN2M0YzAiOnsiY3JlYXRlIjoxODAwMDAwMDAwMDAwLCJkZWxldGUiOjYwMDAwMDAwMDAwMCwidXBkYXRlIjozNjAwMDAwMDAwMDAwfSwic2NoZW1hX3ZlcnNpb24iOiIxIn0="
        }
      ]
    },
    {
      "module": "module.auth_database",
      "mode": "managed",
      "type": "aws_dynamodb_table",
      "name": "user_security_questions",
      "provider": "provider[\"registry.terraform.io/hashicorp/aws\"]",
      "instances": [
        {
          "schema_version": 1,
          "attributes": {
            "arn": "arn:aws:dynamodb:us-east-1:002796212410:table/UserSecurityQuestions",
            "attribute": [
              {
                "name": "userId",
                "type": "S"
              }
            ],
            "billing_mode": "PAY_PER_REQUEST",
            "deletion_protection_enabled": false,
            "global_secondary_index": [],
            "hash_key": "userId",
            "id": "UserSecurityQuestions",
            "import_table": [],
            "local_secondary_index": [],
            "name": "UserSecurityQuestions",
            "on_demand_throughput": [],
            "point_in_time_recovery": [
              {
                "enabled": false,
                "recovery_period_in_days": 0
              }
            ],
            "range_key": null,
            "read_capacity": 0,
            "replica": [],
            "restore_date_time": null,
            "restore_source_name": null,
            "restore_source_table_arn": null,
            "restore_to_latest_time": null,
            "server_side_encryption": [],
            "stream_arn": "",
            "stream_enabled": false,
            "stream_label": "",
            "stream_view_type": "",
            "table_class": "STANDARD",
            "tags": {
              "Environment": "dev",
              "Project": "dalscooter"
            },
            "tags_all": {
              "Environment": "dev",
              "Project": "dalscooter"
            },
            "timeouts": null,
            "ttl": [
              {
                "attribute_name": "",
                "enabled": false
              }
            ],
            "write_capacity": 0
          },
          "sensitive_attributes": [],
          "private": "eyJlMmJmYjczMC1lY2FhLTExZTYtOGY4OC0zNDM2M2JjN2M0YzAiOnsiY3JlYXRlIjoxODAwMDAwMDAwMDAwLCJkZWxldGUiOjYwMDAwMDAwMDAwMCwidXBkYXRlIjozNjAwMDAwMDAwMDAwfSwic2NoZW1hX3ZlcnNpb24iOiIxIn0="
        }
      ]
    },
    {
      "module": "module.cognito",
      "mode": "managed",
      "type": "aws_cognito_user_pool",
      "name": "dalscooter",
      "provider": "provider[\"registry.terraform.io/hashicorp/aws\"]",
      "instances": [
        {
          "schema_version": 0,
          "attributes": {
            "account_recovery_setting": [
              {
                "recovery_mechanism": [
                  {
                    "name": "verified_email",
                    "priority": 1
                  }
                ]
              }
            ],
            "admin_create_user_config": [
              {
                "allow_admin_create_user_only": false,
                "invite_message_template": []
              }
            ],
            "alias_attributes": null,
            "arn": "arn:aws:cognito-idp:us-east-1:002796212410:userpool/us-east-1_5GMbxTSlm",
            "auto_verified_attributes": [
              "email"
            ],
            "creation_date": "2025-07-04T19:34:40Z",
            "custom_domain": "",
            "deletion_protection": "INACTIVE",
            "device_configuration": [],
            "domain": "",
            "email_configuration": [
              {
                "configuration_set": "",
                "email_sending_account": "COGNITO_DEFAULT",
                "from_email_address": "",
                "reply_to_email_address": "",
                "source_arn": ""
              }
            ],
            "email_mfa_configuration": [],
            "email_verification_message": "Your verification code is {####}",
            "email_verification_subject": "Your verification code",
            "endpoint": "cognito-idp.us-east-1.amazonaws.com/us-east-1_5GMbxTSlm",
            "estimated_number_of_users": 0,
            "id": "us-east-1_5GMbxTSlm",
            "lambda_config": [],
            "last_modified_date": "2025-07-04T19:34:40Z",
            "mfa_configuration": "OFF",
            "name": "DalscooterUserPool",
            "password_policy": [
              {
                "minimum_length": 8,
                "password_history_size": 0,
                "require_lowercase": true,
                "require_numbers": true,
                "require_symbols": true,
                "require_uppercase": true,
                "temporary_password_validity_days": 7
              }
            ],
            "schema": [
              {
                "attribute_data_type": "String",
                "developer_only_attribute": false,
                "mutable": true,
                "name": "email",
                "number_attribute_constraints": [],
                "required": true,
                "string_attribute_constraints": [
                  {
                    "max_length": "256",
                    "min_length": "1"
                  }
                ]
              },
              {
                "attribute_data_type": "String",
                "developer_only_attribute": false,
                "mutable": true,
                "name": "gender",
                "number_attribute_constraints": [],
                "required": true,
                "string_attribute_constraints": [
                  {
                    "max_length": "256",
                    "min_length": "0"
                  }
                ]
              },
              {
                "attribute_data_type": "String",
                "developer_only_attribute": false,
                "mutable": true,
                "name": "name",
                "number_attribute_constraints": [],
                "required": true,
                "string_attribute_constraints": [
                  {
                    "max_length": "256",
                    "min_length": "1"
                  }
                ]
              },
              {
                "attribute_data_type": "String",
                "developer_only_attribute": false,
                "mutable": true,
                "name": "phone_number",
                "number_attribute_constraints": [],
                "required": true,
                "string_attribute_constraints": [
                  {
                    "max_length": "256",
                    "min_length": "0"
                  }
                ]
              }
            ],
            "sign_in_policy": [
              {
                "allowed_first_auth_factors": [
                  "PASSWORD"
                ]
              }
            ],
            "sms_authentication_message": "",
            "sms_configuration": [],
            "sms_verification_message": "",
            "software_token_mfa_configuration": [],
            "tags": {
              "Environment": "development",
              "Name": "DalscooterUserPool"
            },
            "tags_all": {
              "Environment": "development",
              "Name": "DalscooterUserPool"
            },
            "user_attribute_update_settings": [],
            "user_pool_add_ons": [],
            "user_pool_tier": "ESSENTIALS",
            "username_attributes": [
              "email"
            ],
            "username_configuration": [],
            "verification_message_template": [
              {
                "default_email_option": "CONFIRM_WITH_CODE",
                "email_message": "Your verification code is {####}",
                "email_message_by_link": "",
                "email_subject": "Your verification code",
                "email_subject_by_link": "",
                "sms_message": ""
              }
            ],
            "web_authn_configuration": []
          },
          "sensitive_attributes": [],
          "private": "bnVsbA==",
          "create_before_destroy": true
        }
      ]
    },
    {
      "module": "module.cognito",
      "mode": "managed",
      "type": "aws_cognito_user_pool_client",
      "name": "client",
      "provider": "provider[\"registry.terraform.io/hashicorp/aws\"]",
      "instances": [
        {
          "schema_version": 0,
          "attributes": {
            "access_token_validity": 60,
            "allowed_oauth_flows": [
              "code"
            ],
            "allowed_oauth_flows_user_pool_client": true,
            "allowed_oauth_scopes": [
              "email",
              "openid",
              "profile"
            ],
            "analytics_configuration": [],
            "auth_session_validity": 3,
            "callback_urls": [
              "https://tupiqo0472.execute-api.us-east-1.amazonaws.com/dev/auth/callback"
            ],
            "client_secret": "26u58d4um4ci58ljjdeqj7j18s9ltur8amdh4t0e4cenli6ib9o",
            "default_redirect_uri": "https://tupiqo0472.execute-api.us-east-1.amazonaws.com/dev/auth/callback",
            "enable_propagate_additional_user_context_data": false,
            "enable_token_revocation": true,
            "explicit_auth_flows": [
              "ALLOW_REFRESH_TOKEN_AUTH",
              "ALLOW_USER_PASSWORD_AUTH"
            ],
            "generate_secret": true,
            "id": "4aj81phsu1p3dfft3qrmu47a37",
            "id_token_validity": 60,
            "logout_urls": [
              "https://tupiqo0472.execute-api.us-east-1.amazonaws.com/dev/auth/logout"
            ],
            "name": "DalscooterAppClient",
            "prevent_user_existence_errors": "ENABLED",
            "read_attributes": [
              "email",
              "email_verified",
              "gender",
              "name",
              "phone_number"
            ],
            "refresh_token_rotation": [],
            "refresh_token_validity": 30,
            "supported_identity_providers": [
              "COGNITO"
            ],
            "token_validity_units": [
              {
                "access_token": "minutes",
                "id_token": "minutes",
                "refresh_token": "days"
              }
            ],
            "user_pool_id": "us-east-1_5GMbxTSlm",
            "write_attributes": [
              "email",
              "gender",
              "name",
              "phone_number"
            ]
          },
          "sensitive_attributes": [
            [
              {
                "type": "get_attr",
                "value": "client_secret"
              }
            ]
          ],
          "dependencies": [
            "module.cognito.aws_cognito_user_pool.dalscooter"
          ]
        }
      ]
    },
    {
      "module": "module.cognito",
      "mode": "managed",
      "type": "random_integer",
      "name": "domain_suffix",
      "provider": "provider[\"registry.terraform.io/hashicorp/random\"]",
      "instances": [
        {
          "schema_version": 0,
          "attributes": {
            "id": "16840",
            "keepers": null,
            "max": 99999,
            "min": 10000,
            "result": 16840,
            "seed": null
          },
          "sensitive_attributes": []
        }
      ]
    },
    {
      "module": "module.lambda",
      "mode": "data",
      "type": "archive_file",
      "name": "guest_lambda_zip",
      "provider": "provider[\"registry.terraform.io/hashicorp/archive\"]",
      "instances": [
        {
          "schema_version": 0,
          "attributes": {
            "exclude_symlink_directories": null,
            "excludes": null,
            "id": "b3ea31e82903a7e33c155c3dcc4164950bfa3f64",
            "output_base64sha256": "hZw1+dw8NU79GaPNhuyH8vkLvEKTASF6rr2vA0OcwHk=",
            "output_base64sha512": "GgmiJsieyXZ1vCw49GOlmy3yfJ3l0ewo9trqjn2kcQydpzHDfV80Ta0I6Mw4CAzQ5A0zFLwmdFKEQbGBMiz/Jg==",
            "output_file_mode": null,
            "output_md5": "f3c1efc29a0592b5dac769f85884ccec",
            "output_path": "Modules/lambda/guest-api.zip",
            "output_sha": "b3ea31e82903a7e33c155c3dcc4164950bfa3f64",
            "output_sha256": "859c35f9dc3c354efd19a3cd86ec87f2f90bbc429301217aaebdaf03439cc079",
            "output_sha512": "1a09a226c89ec97675bc2c38f463a59b2df27c9de5d1ec28f6daea8e7da4710c9da731c37d5f344dad08e8cc38080cd0e40d3314bc2674528441b181322cff26",
            "output_size": 1033,
            "source": [
              {
                "content": "exports.lambdaHandler = async (event) =\u003e {\r\n    // Extract request information\r\n    const path = event.path || '/';\r\n    const httpMethod = event.httpMethod || 'UNKNOWN';\r\n    const pathParts = path.split('/');\r\n    const queryParams = event.queryStringParameters || {};\r\n    const body = event.body || '{}';\r\n\r\n    let bodyJson = {};\r\n    try {\r\n        bodyJson = JSON.parse(body);\r\n    } catch (e) {}\r\n\r\n    let responseBody;\r\n\r\n    if (path.includes('/guest')) {\r\n        responseBody = handleGuestRequest(pathParts, httpMethod, queryParams, bodyJson);\r\n    } else {\r\n        responseBody = {\r\n            error: 'Unknown path',\r\n        };\r\n    }\r\n\r\n    return {\r\n        statusCode: 200,\r\n        headers: {\r\n            'Content-Type': 'application/json',\r\n            'Access-Control-Allow-Origin': '*',\r\n            'Access-Control-Allow-Methods': 'GET,POST,PUT,DELETE,OPTIONS',\r\n            'Access-Control-Allow-Headers': 'Content-Type,X-Amz-Date,Authorization,X-Api-Key,X-Amz-Security-Token'\r\n        },\r\n        body: JSON.stringify(responseBody, null, 2),\r\n    };\r\n};\r\n\r\nfunction handleGuestRequest(pathParts, method, queryParams, body) {\r\n    /** Handle requests to guest endpoints */\r\n    // Extract the specific guest endpoint (pathParts[2] if path is /guest/endpoint)\r\n    const endpoint = pathParts.length \u003e 2 ? pathParts[2] : null;\r\n\r\n    if (endpoint === 'scooters') {\r\n        return {\r\n            endpoint: 'guest/scooters',\r\n            method: method,\r\n            message: 'Public scooter information',\r\n            action: method === 'GET' ? 'List available scooters' : 'Invalid method for guest'\r\n        };\r\n    } else if (endpoint === 'callback') {\r\n        const id_token = queryParams.code;\r\n        if (!id_token) {\r\n            return {\r\n                statusCode: 400,\r\n                body: 'Missing id_token',\r\n            };\r\n        }\r\n\r\n        const redirectUrl = `http://localhost:3000/qna-setup?token=${encodeURIComponent(id_token)}`;\r\n\r\n        return {\r\n            statusCode: 200,\r\n            headers: {\r\n                Location: redirectUrl,\r\n            },\r\n            body: '',\r\n        };\r\n    } else {\r\n        return {\r\n            endpoint: 'guest',\r\n            method: method,\r\n            message: 'Unknown guest endpoint',\r\n            availableGuestEndpoints: ['register', 'scooters']\r\n        };\r\n    }\r\n}",
                "filename": "guest-api.js"
              }
            ],
            "source_content": null,
            "source_content_filename": null,
            "source_dir": null,
            "source_file": null,
            "type": "zip"
          },
          "sensitive_attributes": []
        }
      ]
    },
    {
      "module": "module.lambda",
      "mode": "data",
      "type": "archive_file",
      "name": "user_lambda_zip",
      "provider": "provider[\"registry.terraform.io/hashicorp/archive\"]",
      "instances": [
        {
          "schema_version": 0,
          "attributes": {
            "exclude_symlink_directories": null,
            "excludes": null,
            "id": "85dd988c7504778cc84e4a4e2714c5aa97fee4b3",
            "output_base64sha256": "mIiBDA418zxi1Pi2hG8rc+79bhNzxX+A+9PmKErc0so=",
            "output_base64sha512": "ETb4enCgaHzC8Zgko/p0/zPD5HU/NC0opA6b9D22VXhVRFIMLuFa33aGoeG1LMCbL7o6y2oBB1/LVfNcaNJXaw==",
            "output_file_mode": null,
            "output_md5": "aee91b8e295ec81cd26231c5c80f9646",
            "output_path": "Modules/lambda/user-api.zip",
            "output_sha": "85dd988c7504778cc84e4a4e2714c5aa97fee4b3",
            "output_sha256": "9888810c0e35f33c62d4f8b6846f2b73eefd6e1373c57f80fbd3e6284adcd2ca",
            "output_sha512": "1136f87a70a0687cc2f19824a3fa74ff33c3e4753f342d28a40e9bf43db655785544520c2ee15adf7686a1e1b52cc09b2fba3acb6a01075fcb55f35c68d2576b",
            "output_size": 1083,
            "source": [
              {
                "content": "exports.lambdaHandler = async (event) =\u003e {\r\n    // Extract request information\r\n    const path = event.path || '/';\r\n    const httpMethod = event.httpMethod || 'UNKNOWN';\r\n    const pathParts = path.split('/');\r\n    const queryParams = event.queryStringParameters || {};\r\n    const headers = event.headers || {};\r\n    const body = event.body || '{}';\r\n\r\n    let bodyJson = {};\r\n    try {\r\n        bodyJson = JSON.parse(body);\r\n    } catch (e) {}\r\n\r\n    let responseBody;\r\n\r\n    if (path.includes('/user')) {\r\n        responseBody = handleUserRequest(pathParts, httpMethod, queryParams, bodyJson, headers);\r\n    } else {\r\n        responseBody = {\r\n            error: 'Unknown path',\r\n        };\r\n    }\r\n\r\n    return {\r\n        statusCode: 200,\r\n        headers: {\r\n            'Content-Type': 'application/json',\r\n            'Access-Control-Allow-Origin': '*',\r\n            'Access-Control-Allow-Methods': 'GET,POST,PUT,DELETE,OPTIONS',\r\n            'Access-Control-Allow-Headers': 'Content-Type,X-Amz-Date,Authorization,X-Api-Key,X-Amz-Security-Token'\r\n        },\r\n        body: JSON.stringify(responseBody, null, 2),\r\n    };\r\n};\r\n\r\nfunction handleUserRequest(pathParts, method, queryParams, body, headers) {\r\n    /** Handle requests to authenticated user endpoints */\r\n    // Extract the specific user endpoint (pathParts[2] if path is /user/endpoint)\r\n    const endpoint = pathParts.length \u003e 2 ? pathParts[2] : null;\r\n    const userId = headers.Authorization ? headers.Authorization.split(' ').pop() : null;\r\n\r\n    const scooterActions = {\r\n        GET: 'Get scooter details',\r\n        POST: 'Reserve scooter',\r\n        PUT: 'Update scooter status',\r\n        DELETE: 'Cancel reservation'\r\n    };\r\n\r\n    const rideActions = {\r\n        GET: 'Get ride history',\r\n        POST: 'Start new ride',\r\n        PUT: 'Update ride status',\r\n        DELETE: 'Cancel ride'\r\n    };\r\n\r\n    const profileActions = {\r\n        GET: 'Get profile',\r\n        POST: 'Create profile',\r\n        PUT: 'Update profile',\r\n        DELETE: 'Delete profile'\r\n    };\r\n\r\n    if (endpoint === 'scooters') {\r\n        return {\r\n            endpoint: 'user/scooters',\r\n            method: method,\r\n            message: 'User scooter management',\r\n            userId: userId,\r\n            action: scooterActions[method] || 'Unknown action'\r\n        };\r\n    } else if (endpoint === 'rides') {\r\n        return {\r\n            endpoint: 'user/rides',\r\n            method: method,\r\n            message: 'User ride management',\r\n            userId: userId,\r\n            action: rideActions[method] || 'Unknown action'\r\n        };\r\n    } else if (endpoint === 'profile') {\r\n        return {\r\n            endpoint: 'user/profile',\r\n            method: method,\r\n            message: 'User profile management',\r\n            userId: userId,\r\n            action: profileActions[method] || 'Unknown action'\r\n        };\r\n    } else {\r\n        return {\r\n            endpoint: 'user',\r\n            method: method,\r\n            message: 'Unknown user endpoint',\r\n            userId: userId,\r\n            availableUserEndpoints: ['scooters', 'rides', 'profile']\r\n        };\r\n    }\r\n}",
                "filename": "user-api.js"
              }
            ],
            "source_content": null,
            "source_content_filename": null,
            "source_dir": null,
            "source_file": null,
            "type": "zip"
          },
          "sensitive_attributes": []
        }
      ]
    },
    {
      "module": "module.lambda",
      "mode": "managed",
      "type": "aws_cloudwatch_log_group",
      "name": "auth_lambda_logs",
      "provider": "provider[\"registry.terraform.io/hashicorp/aws\"]",
      "instances": [
        {
          "schema_version": 0,
          "attributes": {
            "arn": "arn:aws:logs:us-east-1:002796212410:log-group:/aws/lambda/dalscooter-dev-auth-api",
            "id": "/aws/lambda/dalscooter-dev-auth-api",
            "kms_key_id": "",
            "log_group_class": "STANDARD",
            "name": "/aws/lambda/dalscooter-dev-auth-api",
            "name_prefix": "",
            "retention_in_days": 7,
            "skip_destroy": false,
            "tags": {},
            "tags_all": {}
          },
          "sensitive_attributes": [],
          "private": "bnVsbA==",
          "dependencies": [
            "data.aws_iam_role.lab_role",
            "module.lambda.aws_lambda_function.auth_api"
          ]
        }
      ]
    },
    {
      "module": "module.lambda",
      "mode": "managed",
      "type": "aws_cloudwatch_log_group",
      "name": "guest_lambda_logs",
      "provider": "provider[\"registry.terraform.io/hashicorp/aws\"]",
      "instances": [
        {
          "schema_version": 0,
          "attributes": {
            "arn": "arn:aws:logs:us-east-1:002796212410:log-group:/aws/lambda/dalscooter-dev-guest-api",
            "id": "/aws/lambda/dalscooter-dev-guest-api",
            "kms_key_id": "",
            "log_group_class": "STANDARD",
            "name": "/aws/lambda/dalscooter-dev-guest-api",
            "name_prefix": "",
            "retention_in_days": 7,
            "skip_destroy": false,
            "tags": {},
            "tags_all": {}
          },
          "sensitive_attributes": [],
          "private": "bnVsbA==",
          "dependencies": [
            "data.aws_iam_role.lab_role",
            "module.lambda.aws_lambda_function.guest_api",
            "module.lambda.data.archive_file.guest_lambda_zip"
          ]
        }
      ]
    },
    {
      "module": "module.lambda",
      "mode": "managed",
      "type": "aws_cloudwatch_log_group",
      "name": "user_lambda_logs",
      "provider": "provider[\"registry.terraform.io/hashicorp/aws\"]",
      "instances": [
        {
          "schema_version": 0,
          "attributes": {
            "arn": "arn:aws:logs:us-east-1:002796212410:log-group:/aws/lambda/dalscooter-dev-user-api",
            "id": "/aws/lambda/dalscooter-dev-user-api",
            "kms_key_id": "",
            "log_group_class": "STANDARD",
            "name": "/aws/lambda/dalscooter-dev-user-api",
            "name_prefix": "",
            "retention_in_days": 7,
            "skip_destroy": false,
            "tags": {},
            "tags_all": {}
          },
          "sensitive_attributes": [],
          "private": "bnVsbA==",
          "dependencies": [
            "data.aws_iam_role.lab_role",
            "module.lambda.aws_lambda_function.user_api",
            "module.lambda.data.archive_file.user_lambda_zip"
          ]
        }
      ]
    },
    {
      "module": "module.lambda",
      "mode": "managed",
      "type": "aws_lambda_function",
      "name": "auth_api",
      "provider": "provider[\"registry.terraform.io/hashicorp/aws\"]",
      "instances": [
        {
          "schema_version": 0,
          "attributes": {
            "architectures": [
              "x86_64"
            ],
            "arn": "arn:aws:lambda:us-east-1:002796212410:function:dalscooter-dev-auth-api",
            "code_sha256": "QpNnZWNkPq0nN1AOTudD5/OMzuMoEQh1otoAHAm2o+U=",
            "code_signing_config_arn": "",
            "dead_letter_config": [],
            "description": "",
            "environment": [
              {
                "variables": {
                  "COGNITO_CLIENT_ID": "3tcb78k8ksrv41965lh8hfpqla",
                  "COGNITO_CLIENT_SECRET": "1mgminem2rb2rmlurnpvphn6g6eghnq4read2i020jj7mijmdbvm",
                  "COGNITO_DOMAIN": "dalscooter-auth-21645.auth.us-east-1.amazoncognito.com",
                  "ENVIRONMENT": "dev",
                  "LOG_LEVEL": "INFO",
                  "PROJECT_NAME": "dalscooter",
                  "REDIRECT_URI": "https://tupiqo0472.execute-api.us-east-1.amazonaws.com/dev/auth/callback"
                }
              }
            ],
            "ephemeral_storage": [
              {
                "size": 512
              }
            ],
            "file_system_config": [],
            "filename": "Modules/lambda/auth-api.zip",
            "function_name": "dalscooter-dev-auth-api",
            "handler": "auth-api.handler",
            "id": "dalscooter-dev-auth-api",
            "image_config": [],
            "image_uri": "",
            "invoke_arn": "arn:aws:apigateway:us-east-1:lambda:path/2015-03-31/functions/arn:aws:lambda:us-east-1:002796212410:function:dalscooter-dev-auth-api/invocations",
            "kms_key_arn": "",
            "last_modified": "2025-07-04T19:34:55.884+0000",
            "layers": [],
            "logging_config": [
              {
                "application_log_level": "",
                "log_format": "Text",
                "log_group": "/aws/lambda/dalscooter-dev-auth-api",
                "system_log_level": ""
              }
            ],
            "memory_size": 128,
            "package_type": "Zip",
            "publish": false,
            "qualified_arn": "arn:aws:lambda:us-east-1:002796212410:function:dalscooter-dev-auth-api:$LATEST",
            "qualified_invoke_arn": "arn:aws:apigateway:us-east-1:lambda:path/2015-03-31/functions/arn:aws:lambda:us-east-1:002796212410:function:dalscooter-dev-auth-api:$LATEST/invocations",
            "replace_security_groups_on_destroy": null,
            "replacement_security_group_ids": null,
            "reserved_concurrent_executions": -1,
            "role": "arn:aws:iam::002796212410:role/LabRole",
            "runtime": "nodejs18.x",
            "s3_bucket": null,
            "s3_key": null,
            "s3_object_version": null,
            "signing_job_arn": "",
            "signing_profile_version_arn": "",
            "skip_destroy": false,
            "snap_start": [],
            "source_code_hash": "QpNnZWNkPq0nN1AOTudD5/OMzuMoEQh1otoAHAm2o+U=",
            "source_code_size": 15468846,
            "tags": {
              "Component": "api",
              "Environment": "dev",
              "Project": "dalscooter"
            },
            "tags_all": {
              "Component": "api",
              "Environment": "dev",
              "Project": "dalscooter"
            },
            "timeout": 30,
            "timeouts": null,
            "tracing_config": [
              {
                "mode": "PassThrough"
              }
            ],
            "version": "$LATEST",
            "vpc_config": []
          },
          "sensitive_attributes": [],
          "private": "eyJlMmJmYjczMC1lY2FhLTExZTYtOGY4OC0zNDM2M2JjN2M0YzAiOnsiY3JlYXRlIjo2MDAwMDAwMDAwMDAsImRlbGV0ZSI6NjAwMDAwMDAwMDAwLCJ1cGRhdGUiOjYwMDAwMDAwMDAwMH19",
          "dependencies": [
            "data.aws_iam_role.lab_role"
          ],
          "create_before_destroy": true
        }
      ]
    },
    {
      "module": "module.lambda",
      "mode": "managed",
      "type": "aws_lambda_function",
      "name": "guest_api",
      "provider": "provider[\"registry.terraform.io/hashicorp/aws\"]",
      "instances": [
        {
          "schema_version": 0,
          "attributes": {
            "architectures": [
              "x86_64"
            ],
            "arn": "arn:aws:lambda:us-east-1:002796212410:function:dalscooter-dev-guest-api",
            "code_sha256": "hZw1+dw8NU79GaPNhuyH8vkLvEKTASF6rr2vA0OcwHk=",
            "code_signing_config_arn": "",
            "dead_letter_config": [],
            "description": "",
            "environment": [
              {
                "variables": {
                  "ENVIRONMENT": "dev",
                  "LOG_LEVEL": "INFO",
                  "PROJECT_NAME": "dalscooter"
                }
              }
            ],
            "ephemeral_storage": [
              {
                "size": 512
              }
            ],
            "file_system_config": [],
            "filename": "Modules/lambda/guest-api.zip",
            "function_name": "dalscooter-dev-guest-api",
            "handler": "guest-api.lambdaHandler",
            "id": "dalscooter-dev-guest-api",
            "image_config": [],
            "image_uri": "",
            "invoke_arn": "arn:aws:apigateway:us-east-1:lambda:path/2015-03-31/functions/arn:aws:lambda:us-east-1:002796212410:function:dalscooter-dev-guest-api/invocations",
            "kms_key_arn": "",
            "last_modified": "2025-07-04T19:34:39.610+0000",
            "layers": [],
            "logging_config": [
              {
                "application_log_level": "",
                "log_format": "Text",
                "log_group": "/aws/lambda/dalscooter-dev-guest-api",
                "system_log_level": ""
              }
            ],
            "memory_size": 128,
            "package_type": "Zip",
            "publish": false,
            "qualified_arn": "arn:aws:lambda:us-east-1:002796212410:function:dalscooter-dev-guest-api:$LATEST",
            "qualified_invoke_arn": "arn:aws:apigateway:us-east-1:lambda:path/2015-03-31/functions/arn:aws:lambda:us-east-1:002796212410:function:dalscooter-dev-guest-api:$LATEST/invocations",
            "replace_security_groups_on_destroy": null,
            "replacement_security_group_ids": null,
            "reserved_concurrent_executions": -1,
            "role": "arn:aws:iam::002796212410:role/LabRole",
            "runtime": "nodejs18.x",
            "s3_bucket": null,
            "s3_key": null,
            "s3_object_version": null,
            "signing_job_arn": "",
            "signing_profile_version_arn": "",
            "skip_destroy": false,
            "snap_start": [],
            "source_code_hash": "hZw1+dw8NU79GaPNhuyH8vkLvEKTASF6rr2vA0OcwHk=",
            "source_code_size": 1033,
            "tags": {
              "Component": "api",
              "Environment": "dev",
              "Project": "dalscooter"
            },
            "tags_all": {
              "Component": "api",
              "Environment": "dev",
              "Project": "dalscooter"
            },
            "timeout": 30,
            "timeouts": null,
            "tracing_config": [
              {
                "mode": "PassThrough"
              }
            ],
            "version": "$LATEST",
            "vpc_config": []
          },
          "sensitive_attributes": [],
          "private": "eyJlMmJmYjczMC1lY2FhLTExZTYtOGY4OC0zNDM2M2JjN2M0YzAiOnsiY3JlYXRlIjo2MDAwMDAwMDAwMDAsImRlbGV0ZSI6NjAwMDAwMDAwMDAwLCJ1cGRhdGUiOjYwMDAwMDAwMDAwMH19",
          "dependencies": [
            "data.aws_iam_role.lab_role",
            "module.lambda.data.archive_file.guest_lambda_zip"
          ],
          "create_before_destroy": true
        }
      ]
    },
    {
      "module": "module.lambda",
      "mode": "managed",
      "type": "aws_lambda_function",
      "name": "user_api",
      "provider": "provider[\"registry.terraform.io/hashicorp/aws\"]",
      "instances": [
        {
          "schema_version": 0,
          "attributes": {
            "architectures": [
              "x86_64"
            ],
            "arn": "arn:aws:lambda:us-east-1:002796212410:function:dalscooter-dev-user-api",
            "code_sha256": "mIiBDA418zxi1Pi2hG8rc+79bhNzxX+A+9PmKErc0so=",
            "code_signing_config_arn": "",
            "dead_letter_config": [],
            "description": "",
            "environment": [
              {
                "variables": {
                  "ENVIRONMENT": "dev",
                  "LOG_LEVEL": "INFO",
                  "PROJECT_NAME": "dalscooter"
                }
              }
            ],
            "ephemeral_storage": [
              {
                "size": 512
              }
            ],
            "file_system_config": [],
            "filename": "Modules/lambda/user-api.zip",
            "function_name": "dalscooter-dev-user-api",
            "handler": "user-api.lambdaHandler",
            "id": "dalscooter-dev-user-api",
            "image_config": [],
            "image_uri": "",
            "invoke_arn": "arn:aws:apigateway:us-east-1:lambda:path/2015-03-31/functions/arn:aws:lambda:us-east-1:002796212410:function:dalscooter-dev-user-api/invocations",
            "kms_key_arn": "",
            "last_modified": "2025-07-04T19:34:45.567+0000",
            "layers": [],
            "logging_config": [
              {
                "application_log_level": "",
                "log_format": "Text",
                "log_group": "/aws/lambda/dalscooter-dev-user-api",
                "system_log_level": ""
              }
            ],
            "memory_size": 128,
            "package_type": "Zip",
            "publish": false,
            "qualified_arn": "arn:aws:lambda:us-east-1:002796212410:function:dalscooter-dev-user-api:$LATEST",
            "qualified_invoke_arn": "arn:aws:apigateway:us-east-1:lambda:path/2015-03-31/functions/arn:aws:lambda:us-east-1:002796212410:function:dalscooter-dev-user-api:$LATEST/invocations",
            "replace_security_groups_on_destroy": null,
            "replacement_security_group_ids": null,
            "reserved_concurrent_executions": -1,
            "role": "arn:aws:iam::002796212410:role/LabRole",
            "runtime": "nodejs18.x",
            "s3_bucket": null,
            "s3_key": null,
            "s3_object_version": null,
            "signing_job_arn": "",
            "signing_profile_version_arn": "",
            "skip_destroy": false,
            "snap_start": [],
            "source_code_hash": "mIiBDA418zxi1Pi2hG8rc+79bhNzxX+A+9PmKErc0so=",
            "source_code_size": 1083,
            "tags": {
              "Component": "api",
              "Environment": "dev",
              "Project": "dalscooter"
            },
            "tags_all": {
              "Component": "api",
              "Environment": "dev",
              "Project": "dalscooter"
            },
            "timeout": 30,
            "timeouts": null,
            "tracing_config": [
              {
                "mode": "PassThrough"
              }
            ],
            "version": "$LATEST",
            "vpc_config": []
          },
          "sensitive_attributes": [],
          "private": "eyJlMmJmYjczMC1lY2FhLTExZTYtOGY4OC0zNDM2M2JjN2M0YzAiOnsiY3JlYXRlIjo2MDAwMDAwMDAwMDAsImRlbGV0ZSI6NjAwMDAwMDAwMDAwLCJ1cGRhdGUiOjYwMDAwMDAwMDAwMH19",
          "dependencies": [
            "data.aws_iam_role.lab_role",
            "module.lambda.data.archive_file.user_lambda_zip"
          ],
          "create_before_destroy": true
        }
      ]
    }
  ],
  "check_results": null
}
